
Microsoft Visual Studio Solution File, Format Version 12.00
# Visual Studio Version 17
VisualStudioVersion = 17.3.32825.248
MinimumVisualStudioVersion = 10.0.40219.1
Project("{8BC9CEB8-8B4A-11D0-8D11-00A0C91BC942}") = "approx_t", "approx_t.vcxproj", "{911E48F0-0AFD-47CA-9B7A-9C60DD2CA593}"
EndProject
Global
	GlobalSection(SolutionConfigurationPlatforms) = preSolution
		Debug|x64 = Debug|x64
		Debug|x86 = Debug|x86
		Release|x64 = Release|x64
		Release|x86 = Release|x86
	EndGlobalSection
	GlobalSection(ProjectConfigurationPlatforms) = postSolution
		{911E48F0-0AFD-47CA-9B7A-9C60DD2CA593}.Debug|x64.ActiveCfg = Debug|x64
		{911E48F0-0AFD-47CA-9B7A-9C60DD2CA593}.Debug|x64.Build.0 = Debug|x64
		{911E48F0-0AFD-47CA-9B7A-9C60DD2CA593}.Debug|x86.ActiveCfg = Debug|Win32
		{911E48F0-0AFD-47CA-9B7A-9C60DD2CA593}.Debug|x86.Build.0 = Debug|Win32
		{911E48F0-0AFD-47CA-9B7A-9C60DD2CA593}.Release|x64.ActiveCfg = Release|x64
		{911E48F0-0AFD-47CA-9B7A-9C60DD2CA593}.Release|x64.Build.0 = Release|x64
		{911E48F0-0AFD-47CA-9B7A-9C60DD2CA593}.Release|x86.ActiveCfg = Release|Win32
		{911E48F0-0AFD-47CA-9B7A-9C60DD2CA593}.Release|x86.Build.0 = Release|Win32
	EndGlobalSection
	GlobalSection(SolutionProperties) = preSolution
		HideSolutionNode = FALSE
	EndGlobalSection
	GlobalSection(ExtensibilityGlobals) = postSolution
		SolutionGuid = {9B992997-F3E7-4FEB-93FA-7E796F69F860}
	EndGlobalSection
EndGlobal
